{
  "version": "5",
  "specifiers": {
    "jsr:@std/assert@^1.0.14": "1.0.14",
    "jsr:@std/datetime@~0.225.5": "0.225.5",
    "jsr:@std/fmt@^1.0.8": "1.0.8",
    "jsr:@std/fs@^1.0.19": "1.0.19",
    "jsr:@std/internal@^1.0.10": "1.0.10",
    "jsr:@std/path@^1.1.1": "1.1.2",
    "jsr:@std/path@^1.1.2": "1.1.2",
    "jsr:@std/testing@*": "0.225.3",
    "jsr:@std/testing@~0.225.3": "0.225.3",
    "npm:@types/node@*": "24.2.0",
    "npm:commander@^14.0.1": "14.0.1",
    "npm:semver@7.6.3": "7.6.3",
    "npm:semver@^7.7.2": "7.7.2"
  },
  "jsr": {
    "@std/assert@1.0.14": {
      "integrity": "68d0d4a43b365abc927f45a9b85c639ea18a9fab96ad92281e493e4ed84abaa4",
      "dependencies": [
        "jsr:@std/internal"
      ]
    },
    "@std/datetime@0.225.5": {
      "integrity": "9f650f6caec546b80172e95a4edb8478d5fe060c4c937f7ede242ffceab6efc9"
    },
    "@std/fmt@1.0.8": {
      "integrity": "71e1fc498787e4434d213647a6e43e794af4fd393ef8f52062246e06f7e372b7"
    },
    "@std/fs@1.0.19": {
      "integrity": "051968c2b1eae4d2ea9f79a08a3845740ef6af10356aff43d3e2ef11ed09fb06",
      "dependencies": [
        "jsr:@std/path@^1.1.1"
      ]
    },
    "@std/internal@1.0.10": {
      "integrity": "e3be62ce42cab0e177c27698e5d9800122f67b766a0bea6ca4867886cbde8cf7"
    },
    "@std/path@1.1.2": {
      "integrity": "c0b13b97dfe06546d5e16bf3966b1cadf92e1cc83e56ba5476ad8b498d9e3038",
      "dependencies": [
        "jsr:@std/internal"
      ]
    },
    "@std/testing@0.225.3": {
      "integrity": "348c24d0479d44ab3dbb4f26170f242e19f24051b45935d4a9e7ca0ab7e37780"
    }
  },
  "npm": {
    "@types/node@24.2.0": {
      "integrity": "sha512-3xyG3pMCq3oYCNg7/ZP+E1ooTaGB4cG8JWRsqqOYQdbWNY4zbaV0Ennrd7stjiJEFZCaybcIgpTjJWHRfBSIDw==",
      "dependencies": [
        "undici-types"
      ]
    },
    "commander@14.0.1": {
      "integrity": "sha512-2JkV3gUZUVrbNA+1sjBOYLsMZ5cEEl8GTFP2a4AVz5hvasAMCQ1D2l2le/cX+pV4N6ZU17zjUahLpIXRrnWL8A=="
    },
    "semver@7.6.3": {
      "integrity": "sha512-oVekP1cKtI+CTDvHWYFUcMtsK/00wmAEfyqKfNdARm8u1wNVhSgaX7A8d4UuIlUI5e84iEwOhs7ZPYRmzU9U6A==",
      "bin": true
    },
    "semver@7.7.2": {
      "integrity": "sha512-RF0Fw+rO5AMf9MAyaRXI4AV0Ulj5lMHqVxxdSgiVbixSCXoEmmX/jk0CuJw4+3SqroYO9VoUh+HcuJivvtJemA==",
      "bin": true
    },
    "undici-types@7.10.0": {
      "integrity": "sha512-t5Fy/nfn+14LuOc2KNYg75vZqClpAiqscVvMygNnlsHBFpSXdJaYtXMcdNLpl/Qvc3P2cB3s6lOV51nqsFq4ag=="
    }
  },
  "workspace": {
    "dependencies": [
      "jsr:@std/expect@~0.224.1",
      "jsr:@std/testing@~0.225.3"
    ],
    "members": {
      "packages/bump": {
        "dependencies": [
          "jsr:@epdoc/cliapp@^1.0.0-alpha.9",
          "jsr:@epdoc/fs@~0.2.23",
          "jsr:@epdoc/logger@^1003.0.0-alpha.12",
          "jsr:@epdoc/type@^1.1.17",
          "jsr:@std/assert@^1.0.14",
          "jsr:@std/datetime@~0.225.5",
          "jsr:@std/expect@^1.0.17",
          "jsr:@std/testing@^1.0.15",
          "npm:commander@^14.0.1",
          "npm:semver@^7.7.2"
        ]
      },
      "packages/launchgen": {
        "dependencies": [
          "jsr:@std/assert@^1.0.14",
          "jsr:@std/fmt@^1.0.8",
          "jsr:@std/fs@^1.0.19",
          "jsr:@std/path@^1.1.2"
        ]
      }
    }
  }
}
